
Microsoft Visual Studio Solution File, Format Version 12.00
# Visual Studio Version 17
VisualStudioVersion = 17.14.36212.18
MinimumVisualStudioVersion = 10.0.40219.1
Project("{FAE04EC0-301F-11D3-BF4B-00C04F79EFBC}") = "Otobur", "Otobur.csproj", "{C50F9117-2936-4A14-9F0E-BED898A4034D}"
EndProject
Project("{FAE04EC0-301F-11D3-BF4B-00C04F79EFBC}") = "Otobur.DataAccess", "..\Otobur.DataAccess\Otobur.DataAccess.csproj", "{88A0EED7-BCF4-4C08-82DB-7F36728FACA1}"
EndProject
Project("{FAE04EC0-301F-11D3-BF4B-00C04F79EFBC}") = "Otobur.Models", "..\Otobur.Models\Otobur.Models.csproj", "{38CC613A-0EE6-49AA-8C3E-61D5EDFD4510}"
EndProject
Project("{FAE04EC0-301F-11D3-BF4B-00C04F79EFBC}") = "Otobur.Utility", "..\Otobur.Utility\Otobur.Utility.csproj", "{B053DCA6-80D2-4847-AB7C-18878037C1E1}"
EndProject
Global
	GlobalSection(SolutionConfigurationPlatforms) = preSolution
		Debug|Any CPU = Debug|Any CPU
		Release|Any CPU = Release|Any CPU
	EndGlobalSection
	GlobalSection(ProjectConfigurationPlatforms) = postSolution
		{C50F9117-2936-4A14-9F0E-BED898A4034D}.Debug|Any CPU.ActiveCfg = Debug|Any CPU
		{C50F9117-2936-4A14-9F0E-BED898A4034D}.Debug|Any CPU.Build.0 = Debug|Any CPU
		{C50F9117-2936-4A14-9F0E-BED898A4034D}.Release|Any CPU.ActiveCfg = Release|Any CPU
		{C50F9117-2936-4A14-9F0E-BED898A4034D}.Release|Any CPU.Build.0 = Release|Any CPU
		{88A0EED7-BCF4-4C08-82DB-7F36728FACA1}.Debug|Any CPU.ActiveCfg = Debug|Any CPU
		{88A0EED7-BCF4-4C08-82DB-7F36728FACA1}.Debug|Any CPU.Build.0 = Debug|Any CPU
		{88A0EED7-BCF4-4C08-82DB-7F36728FACA1}.Release|Any CPU.ActiveCfg = Release|Any CPU
		{88A0EED7-BCF4-4C08-82DB-7F36728FACA1}.Release|Any CPU.Build.0 = Release|Any CPU
		{38CC613A-0EE6-49AA-8C3E-61D5EDFD4510}.Debug|Any CPU.ActiveCfg = Debug|Any CPU
		{38CC613A-0EE6-49AA-8C3E-61D5EDFD4510}.Debug|Any CPU.Build.0 = Debug|Any CPU
		{38CC613A-0EE6-49AA-8C3E-61D5EDFD4510}.Release|Any CPU.ActiveCfg = Release|Any CPU
		{38CC613A-0EE6-49AA-8C3E-61D5EDFD4510}.Release|Any CPU.Build.0 = Release|Any CPU
		{B053DCA6-80D2-4847-AB7C-18878037C1E1}.Debug|Any CPU.ActiveCfg = Debug|Any CPU
		{B053DCA6-80D2-4847-AB7C-18878037C1E1}.Debug|Any CPU.Build.0 = Debug|Any CPU
		{B053DCA6-80D2-4847-AB7C-18878037C1E1}.Release|Any CPU.ActiveCfg = Release|Any CPU
		{B053DCA6-80D2-4847-AB7C-18878037C1E1}.Release|Any CPU.Build.0 = Release|Any CPU
	EndGlobalSection
	GlobalSection(SolutionProperties) = preSolution
		HideSolutionNode = FALSE
	EndGlobalSection
	GlobalSection(ExtensibilityGlobals) = postSolution
		SolutionGuid = {D31650F8-372C-4BE7-9170-4BF699B61106}
	EndGlobalSection
EndGlobal
